
Microsoft Visual Studio Solution File, Format Version 12.00
# Visual Studio Version 16
VisualStudioVersion = 25.0.1705.1
MinimumVisualStudioVersion = 10.0.40219.1
Project("{FAE04EC0-301F-11D3-BF4B-00C04F79EFBC}") = "T4_Game", "T4_Game\T4_Game.csproj", "{DA1CF01C-63AA-4712-BEA6-4BF097A75E02}"
EndProject
Global
	GlobalSection(SolutionConfigurationPlatforms) = preSolution
		Debug|Any CPU = Debug|Any CPU
		Release|Any CPU = Release|Any CPU
	EndGlobalSection
	GlobalSection(ProjectConfigurationPlatforms) = postSolution
		{DA1CF01C-63AA-4712-BEA6-4BF097A75E02}.Debug|Any CPU.ActiveCfg = Debug|Any CPU
		{DA1CF01C-63AA-4712-BEA6-4BF097A75E02}.Debug|Any CPU.Build.0 = Debug|Any CPU
		{DA1CF01C-63AA-4712-BEA6-4BF097A75E02}.Release|Any CPU.ActiveCfg = Release|Any CPU
		{DA1CF01C-63AA-4712-BEA6-4BF097A75E02}.Release|Any CPU.Build.0 = Release|Any CPU
	EndGlobalSection
	GlobalSection(SolutionProperties) = preSolution
		HideSolutionNode = FALSE
	EndGlobalSection
	GlobalSection(ExtensibilityGlobals) = postSolution
		SolutionGuid = {A6D796B1-3315-4E9B-8C80-1F00F3DD96F0}
	EndGlobalSection
EndGlobal
